
Microsoft Visual Studio Solution File, Format Version 12.00
# Visual Studio 2012
Project("{FAE04EC0-301F-11D3-BF4B-00C04F79EFBC}") = "MvcSiteMapProvider", "MvcSiteMapProvider\MvcSiteMapProvider.csproj", "{80A397D7-7BDD-4538-8D87-34E90B4FB4B2}"
EndProject
Project("{FAE04EC0-301F-11D3-BF4B-00C04F79EFBC}") = "MvcMusicStore", "MvcMusicStore\MvcMusicStore.csproj", "{C83FE52C-47DD-4433-B34E-9C9D72BBFFA1}"
EndProject
Project("{2150E333-8FDC-42A3-9474-1A3956D46DE8}") = ".nuget", ".nuget", "{BFA88920-373E-4AA4-B389-44E9103135C0}"
	ProjectSection(SolutionItems) = preProject
		.nuget\NuGet.Config = .nuget\NuGet.Config
		.nuget\NuGet.exe = .nuget\NuGet.exe
		.nuget\NuGet.targets = .nuget\NuGet.targets
	EndProjectSection
EndProject
Project("{FAE04EC0-301F-11D3-BF4B-00C04F79EFBC}") = "MvcSiteMapProvider.Core", "MvcSiteMapProvider.Core\MvcSiteMapProvider.Core.csproj", "{7E86FD9B-4CFF-4D3F-B6A8-0811BEB344D2}"
EndProject
Project("{FAE04EC0-301F-11D3-BF4B-00C04F79EFBC}") = "MvcSiteMapProvider.Web", "MvcSiteMapProvider.Web\MvcSiteMapProvider.Web.csproj", "{DC9EC1D1-9752-415F-B899-039F2D17CF25}"
EndProject
Global
	GlobalSection(SolutionConfigurationPlatforms) = preSolution
		Debug|Any CPU = Debug|Any CPU
		Release|Any CPU = Release|Any CPU
	EndGlobalSection
	GlobalSection(ProjectConfigurationPlatforms) = postSolution
		{80A397D7-7BDD-4538-8D87-34E90B4FB4B2}.Debug|Any CPU.ActiveCfg = Debug|Any CPU
		{80A397D7-7BDD-4538-8D87-34E90B4FB4B2}.Debug|Any CPU.Build.0 = Debug|Any CPU
		{80A397D7-7BDD-4538-8D87-34E90B4FB4B2}.Release|Any CPU.ActiveCfg = Release|Any CPU
		{80A397D7-7BDD-4538-8D87-34E90B4FB4B2}.Release|Any CPU.Build.0 = Release|Any CPU
		{C83FE52C-47DD-4433-B34E-9C9D72BBFFA1}.Debug|Any CPU.ActiveCfg = Debug|Any CPU
		{C83FE52C-47DD-4433-B34E-9C9D72BBFFA1}.Debug|Any CPU.Build.0 = Debug|Any CPU
		{C83FE52C-47DD-4433-B34E-9C9D72BBFFA1}.Release|Any CPU.ActiveCfg = Release|Any CPU
		{7E86FD9B-4CFF-4D3F-B6A8-0811BEB344D2}.Debug|Any CPU.ActiveCfg = Debug|Any CPU
		{7E86FD9B-4CFF-4D3F-B6A8-0811BEB344D2}.Debug|Any CPU.Build.0 = Debug|Any CPU
		{7E86FD9B-4CFF-4D3F-B6A8-0811BEB344D2}.Release|Any CPU.ActiveCfg = Release|Any CPU
		{7E86FD9B-4CFF-4D3F-B6A8-0811BEB344D2}.Release|Any CPU.Build.0 = Release|Any CPU
		{DC9EC1D1-9752-415F-B899-039F2D17CF25}.Debug|Any CPU.ActiveCfg = Debug|Any CPU
		{DC9EC1D1-9752-415F-B899-039F2D17CF25}.Debug|Any CPU.Build.0 = Debug|Any CPU
		{DC9EC1D1-9752-415F-B899-039F2D17CF25}.Release|Any CPU.ActiveCfg = Release|Any CPU
		{DC9EC1D1-9752-415F-B899-039F2D17CF25}.Release|Any CPU.Build.0 = Release|Any CPU
	EndGlobalSection
	GlobalSection(SolutionProperties) = preSolution
		HideSolutionNode = FALSE
	EndGlobalSection
EndGlobal
